{
  "originHash" : "886a3cadce2e095e589a243d5da13c10af60c73b788d44cba6c59edeb8f9043f",
  "pins" : [
    {
      "identity" : "cocoaasyncsocket",
      "kind" : "remoteSourceControl",
      "location" : "https://github.com/robbiehanson/CocoaAsyncSocket",
      "state" : {
        "revision" : "dbdc00669c1ced63b27c3c5f052ee4d28f10150c",
        "version" : "7.6.5"
      }
    },
    {
      "identity" : "royalvnc",
      "kind" : "remoteSourceControl",
      "location" : "https://github.com/royalapplications/royalvnc",
      "state" : {
        "revision" : "60a92e1a60e928b29c16230598efd5a97c134139",
        "version" : "1.0.0"
      }
    }
  ],
  "version" : 3
}
